# This file is automatically @generated by Cargo.
# It is not intended for manual editing.
[[package]]
name = "cfg-if"
version = "0.1.9"
source = "registry+https://github.com/rust-lang/crates.io-index"

[[package]]
name = "chardet"
version = "0.2.4"
source = "registry+https://github.com/rust-lang/crates.io-index"

[[package]]
name = "chardetng"
version = "0.1.0"
dependencies = [
 "encoding_rs 0.8.17 (registry+https://github.com/rust-lang/crates.io-index)",
 "memchr 2.2.0 (registry+https://github.com/rust-lang/crates.io-index)",
]

[[package]]
name = "detone"
version = "1.0.0"
source = "registry+https://github.com/rust-lang/crates.io-index"

[[package]]
name = "encoding_rs"
version = "0.8.17"
source = "registry+https://github.com/rust-lang/crates.io-index"
dependencies = [
 "cfg-if 0.1.9 (registry+https://github.com/rust-lang/crates.io-index)",
]

[[package]]
name = "memchr"
version = "2.2.0"
source = "registry+https://github.com/rust-lang/crates.io-index"

[[package]]
name = "testdet"
version = "0.1.0"
dependencies = [
 "chardet 0.2.4 (registry+https://github.com/rust-lang/crates.io-index)",
 "chardetng 0.1.0",
 "detone 1.0.0 (registry+https://github.com/rust-lang/crates.io-index)",
 "encoding_rs 0.8.17 (registry+https://github.com/rust-lang/crates.io-index)",
]

[metadata]
"checksum cfg-if 0.1.9 (registry+https://github.com/rust-lang/crates.io-index)" = "b486ce3ccf7ffd79fdeb678eac06a9e6c09fc88d33836340becb8fffe87c5e33"
"checksum chardet 0.2.4 (registry+https://github.com/rust-lang/crates.io-index)" = "1a48563284b67c003ba0fb7243c87fab68885e1532c605704228a80238512e31"
"checksum detone 1.0.0 (registry+https://github.com/rust-lang/crates.io-index)" = "f7104c193859c8141dcbb2008bd3d93e581d0fa7bb47b0d9f5e15c89d1b55514"
"checksum encoding_rs 0.8.17 (registry+https://github.com/rust-lang/crates.io-index)" = "4155785c79f2f6701f185eb2e6b4caf0555ec03477cb4c70db67b465311620ed"
"checksum memchr 2.2.0 (registry+https://github.com/rust-lang/crates.io-index)" = "2efc7bc57c883d4a4d6e3246905283d8dae951bb3bd32f49d6ef297f546e1c39"
